
Microsoft Visual Studio Solution File, Format Version 12.00
# Visual Studio Version 17
VisualStudioVersion = 17.4.33213.308
MinimumVisualStudioVersion = 10.0.40219.1
Project("{9A19103F-16F7-4668-BE54-9A1E7A4F7556}") = "Api", "Api\Api.csproj", "{FA0056B6-1BD3-45CC-91F7-24C8059E7BF3}"
EndProject
Project("{9A19103F-16F7-4668-BE54-9A1E7A4F7556}") = "Data", "Data\Data.csproj", "{9D87E87A-F724-4A44-8F46-E22879681B52}"
EndProject
Project("{9A19103F-16F7-4668-BE54-9A1E7A4F7556}") = "Services", "Services\Services.csproj", "{2133352D-F242-44EC-95EC-A3001785F06C}"
EndProject
Global
	GlobalSection(SolutionConfigurationPlatforms) = preSolution
		Debug|Any CPU = Debug|Any CPU
		Release|Any CPU = Release|Any CPU
	EndGlobalSection
	GlobalSection(ProjectConfigurationPlatforms) = postSolution
		{FA0056B6-1BD3-45CC-91F7-24C8059E7BF3}.Debug|Any CPU.ActiveCfg = Debug|Any CPU
		{FA0056B6-1BD3-45CC-91F7-24C8059E7BF3}.Debug|Any CPU.Build.0 = Debug|Any CPU
		{FA0056B6-1BD3-45CC-91F7-24C8059E7BF3}.Release|Any CPU.ActiveCfg = Release|Any CPU
		{FA0056B6-1BD3-45CC-91F7-24C8059E7BF3}.Release|Any CPU.Build.0 = Release|Any CPU
		{9D87E87A-F724-4A44-8F46-E22879681B52}.Debug|Any CPU.ActiveCfg = Debug|Any CPU
		{9D87E87A-F724-4A44-8F46-E22879681B52}.Debug|Any CPU.Build.0 = Debug|Any CPU
		{9D87E87A-F724-4A44-8F46-E22879681B52}.Release|Any CPU.ActiveCfg = Release|Any CPU
		{9D87E87A-F724-4A44-8F46-E22879681B52}.Release|Any CPU.Build.0 = Release|Any CPU
		{2133352D-F242-44EC-95EC-A3001785F06C}.Debug|Any CPU.ActiveCfg = Debug|Any CPU
		{2133352D-F242-44EC-95EC-A3001785F06C}.Debug|Any CPU.Build.0 = Debug|Any CPU
		{2133352D-F242-44EC-95EC-A3001785F06C}.Release|Any CPU.ActiveCfg = Release|Any CPU
		{2133352D-F242-44EC-95EC-A3001785F06C}.Release|Any CPU.Build.0 = Release|Any CPU
	EndGlobalSection
	GlobalSection(SolutionProperties) = preSolution
		HideSolutionNode = FALSE
	EndGlobalSection
	GlobalSection(ExtensibilityGlobals) = postSolution
		SolutionGuid = {6AB567AE-5B87-4D97-81DC-9BFDE299A72F}
	EndGlobalSection
EndGlobal
